
Microsoft Visual Studio Solution File, Format Version 12.00
# Visual Studio Version 17
VisualStudioVersion = 17.6.33723.286
MinimumVisualStudioVersion = 10.0.40219.1
Project("{9A19103F-16F7-4668-BE54-9A1E7A4F7556}") = "FamilyConquest", "FamilyConquest.csproj", "{311EFE64-F3B8-4631-AE5D-655835A6CBFE}"
EndProject
Global
	GlobalSection(SolutionConfigurationPlatforms) = preSolution
		Debug|Any CPU = Debug|Any CPU
		Release|Any CPU = Release|Any CPU
	EndGlobalSection
	GlobalSection(ProjectConfigurationPlatforms) = postSolution
		{311EFE64-F3B8-4631-AE5D-655835A6CBFE}.Debug|Any CPU.ActiveCfg = Debug|Any CPU
		{311EFE64-F3B8-4631-AE5D-655835A6CBFE}.Debug|Any CPU.Build.0 = Debug|Any CPU
		{311EFE64-F3B8-4631-AE5D-655835A6CBFE}.Release|Any CPU.ActiveCfg = Release|Any CPU
		{311EFE64-F3B8-4631-AE5D-655835A6CBFE}.Release|Any CPU.Build.0 = Release|Any CPU
	EndGlobalSection
	GlobalSection(SolutionProperties) = preSolution
		HideSolutionNode = FALSE
	EndGlobalSection
	GlobalSection(ExtensibilityGlobals) = postSolution
		SolutionGuid = {4CCE5E63-FD07-47DF-86B3-9C62D7EC2E5F}
	EndGlobalSection
EndGlobal
